
Microsoft Visual Studio Solution File, Format Version 12.00
# Visual Studio Version 16
VisualStudioVersion = 16.0.28729.10
MinimumVisualStudioVersion = 10.0.40219.1
Project("{FAE04EC0-301F-11D3-BF4B-00C04F79EFBC}") = "ProductosApp", "ProductosApp\ProductosApp.csproj", "{EC194928-2C81-4B40-969F-87EBC84EE715}"
EndProject
Global
	GlobalSection(SolutionConfigurationPlatforms) = preSolution
		Debug|Any CPU = Debug|Any CPU
		Release|Any CPU = Release|Any CPU
	EndGlobalSection
	GlobalSection(ProjectConfigurationPlatforms) = postSolution
		{EC194928-2C81-4B40-969F-87EBC84EE715}.Debug|Any CPU.ActiveCfg = Debug|Any CPU
		{EC194928-2C81-4B40-969F-87EBC84EE715}.Debug|Any CPU.Build.0 = Debug|Any CPU
		{EC194928-2C81-4B40-969F-87EBC84EE715}.Release|Any CPU.ActiveCfg = Release|Any CPU
		{EC194928-2C81-4B40-969F-87EBC84EE715}.Release|Any CPU.Build.0 = Release|Any CPU
	EndGlobalSection
	GlobalSection(SolutionProperties) = preSolution
		HideSolutionNode = FALSE
	EndGlobalSection
	GlobalSection(ExtensibilityGlobals) = postSolution
		SolutionGuid = {CE5F23C1-1B09-4729-9781-0B33C34E578D}
	EndGlobalSection
EndGlobal
